{
  "version": 1,
  "dependencies": {
    "net6.0": {
      "Kasa": {
        "type": "Direct",
        "requested": "[1.0.1, )",
        "resolved": "1.0.1",
        "contentHash": "9GfMoLFCgE+xCcKbXA7uKPFlsPlZbRe88etgIPRX2hnscO8T0AOqUrz3cadDkRKiUykcKfdYS0xWDPzOwf9S1w==",
        "dependencies": {
          "Microsoft.Extensions.Logging.Abstractions": "7.0.1",
          "Newtonsoft.Json": "13.0.3"
        }
      },
      "Microsoft.Extensions.Logging.Abstractions": {
        "type": "Transitive",
        "resolved": "7.0.1",
        "contentHash": "pkeBFx0vqMW/A3aUVHh7MPu3WkBhaVlezhSZeb1c9XD0vUReYH1TLFSy5MxJgZfmz5LZzYoErMorlYZiwpOoNA=="
      },
      "Newtonsoft.Json": {
        "type": "Transitive",
        "resolved": "13.0.3",
        "contentHash": "HrC5BXdl00IP9zeV+0Z848QWPAoCr9P3bDEZguI+gkLcBKAOxix/tLEAAHC+UvDNPv4a2d18lOReHMOagPa+zQ=="
      }
    }
  }
}