
Microsoft Visual Studio Solution File, Format Version 12.00
# Visual Studio Version 17
VisualStudioVersion = 17.2.32526.322
MinimumVisualStudioVersion = 10.0.40219.1
Project("{9A19103F-16F7-4668-BE54-9A1E7A4F7556}") = "PowerOverInternet", "PowerOverInternet\PowerOverInternet.csproj", "{B9745C20-AF62-4D45-9841-99127C2FBB15}"
EndProject
Project("{FAE04EC0-301F-11D3-BF4B-00C04F79EFBC}") = "Tests", "Tests\Tests.csproj", "{1504757E-1EBD-4DA7-AAA2-94CE09B038CF}"
EndProject
Global
	GlobalSection(SolutionConfigurationPlatforms) = preSolution
		Debug|Any CPU = Debug|Any CPU
		Release|Any CPU = Release|Any CPU
	EndGlobalSection
	GlobalSection(ProjectConfigurationPlatforms) = postSolution
		{B9745C20-AF62-4D45-9841-99127C2FBB15}.Debug|Any CPU.ActiveCfg = Debug|Any CPU
		{B9745C20-AF62-4D45-9841-99127C2FBB15}.Debug|Any CPU.Build.0 = Debug|Any CPU
		{B9745C20-AF62-4D45-9841-99127C2FBB15}.Release|Any CPU.ActiveCfg = Release|Any CPU
		{B9745C20-AF62-4D45-9841-99127C2FBB15}.Release|Any CPU.Build.0 = Release|Any CPU
		{1504757E-1EBD-4DA7-AAA2-94CE09B038CF}.Debug|Any CPU.ActiveCfg = Debug|Any CPU
		{1504757E-1EBD-4DA7-AAA2-94CE09B038CF}.Debug|Any CPU.Build.0 = Debug|Any CPU
		{1504757E-1EBD-4DA7-AAA2-94CE09B038CF}.Release|Any CPU.ActiveCfg = Release|Any CPU
		{1504757E-1EBD-4DA7-AAA2-94CE09B038CF}.Release|Any CPU.Build.0 = Release|Any CPU
	EndGlobalSection
	GlobalSection(SolutionProperties) = preSolution
		HideSolutionNode = FALSE
	EndGlobalSection
	GlobalSection(ExtensibilityGlobals) = postSolution
		SolutionGuid = {FDD3B99A-CB5F-4E6C-92DC-95EE251B5D68}
	EndGlobalSection
EndGlobal
